<?xml version="1.0" encoding="utf-8"?>
<Project ToolsVersion="4.0" xmlns="http://schemas.microsoft.com/developer/msbuild/2003">
  <ItemGroup>
    <Filter Include="소스 파일">
      <UniqueIdentifier>{4FC737F1-C7A5-4376-A066-2A32D752A2FF}</UniqueIdentifier>
      <Extensions>cpp;c;cc;cxx;c++;cppm;ixx;def;odl;idl;hpj;bat;asm;asmx</Extensions>
    </Filter>
    <Filter Include="헤더 파일">
      <UniqueIdentifier>{93995380-89BD-4b04-88EB-625FBE52EBFB}</UniqueIdentifier>
      <Extensions>h;hh;hpp;hxx;h++;hm;inl;inc;ipp;xsd</Extensions>
    </Filter>
    <Filter Include="리소스 파일">
      <UniqueIdentifier>{67DA6AB6-F800-4c08-8B7A-83BB121AAD01}</UniqueIdentifier>
      <Extensions>rc;ico;cur;bmp;dlg;rc2;rct;bin;rgs;gif;jpg;jpeg;jpe;resx;tiff;tif;png;wav;mfcribbon-ms</Extensions>
    </Filter>
  </ItemGroup>
  <ItemGroup>
    <ClInclude Include="ADODBCon.h">
      <Filter>헤더 파일</Filter>
    </ClInclude>
    <ClInclude Include="AdoObjects.h">
      <Filter>헤더 파일</Filter>
    </ClInclude>
    <ClInclude Include="ADOUtils.h">
      <Filter>헤더 파일</Filter>
    </ClInclude>
    <ClInclude Include="AdvancedSTL.h">
      <Filter>헤더 파일</Filter>
    </ClInclude>
    <ClInclude Include="Allocator.h">
      <Filter>헤더 파일</Filter>
    </ClInclude>
    <ClInclude Include="Base_Types.h">
      <Filter>헤더 파일</Filter>
    </ClInclude>
    <ClInclude Include="CoreGlobal.h">
      <Filter>헤더 파일</Filter>
    </ClInclude>
    <ClInclude Include="CoreMacro.h">
      <Filter>헤더 파일</Filter>
    </ClInclude>
    <ClInclude Include="CoreTLS.h">
      <Filter>헤더 파일</Filter>
    </ClInclude>
    <ClInclude Include="Cryptonizer.h">
      <Filter>헤더 파일</Filter>
    </ClInclude>
    <ClInclude Include="CsvParser.h">
      <Filter>헤더 파일</Filter>
    </ClInclude>
    <ClInclude Include="DataObjects.h">
      <Filter>헤더 파일</Filter>
    </ClInclude>
    <ClInclude Include="DBConnector.h">
      <Filter>헤더 파일</Filter>
    </ClInclude>
    <ClInclude Include="DBQueue.h">
      <Filter>헤더 파일</Filter>
    </ClInclude>
    <ClInclude Include="DeadLockProfiler.h">
      <Filter>헤더 파일</Filter>
    </ClInclude>
    <ClInclude Include="Instantiator.h">
      <Filter>헤더 파일</Filter>
    </ClInclude>
    <ClInclude Include="JobQueue.h">
      <Filter>헤더 파일</Filter>
    </ClInclude>
    <ClInclude Include="JsonParser.h">
      <Filter>헤더 파일</Filter>
    </ClInclude>
    <ClInclude Include="LockContainer.h">
      <Filter>헤더 파일</Filter>
    </ClInclude>
    <ClInclude Include="LockCsec.h">
      <Filter>헤더 파일</Filter>
    </ClInclude>
    <ClInclude Include="MemoryPool.h">
      <Filter>헤더 파일</Filter>
    </ClInclude>
    <ClInclude Include="NetBuffer.h">
      <Filter>헤더 파일</Filter>
    </ClInclude>
    <ClInclude Include="ObjectPool.h">
      <Filter>헤더 파일</Filter>
    </ClInclude>
    <ClInclude Include="OnOffFlags.h">
      <Filter>헤더 파일</Filter>
    </ClInclude>
    <ClInclude Include="PacketHeader.h">
      <Filter>헤더 파일</Filter>
    </ClInclude>
    <ClInclude Include="RWLock.h">
      <Filter>헤더 파일</Filter>
    </ClInclude>
    <ClInclude Include="ServerLibPch.h">
      <Filter>헤더 파일</Filter>
    </ClInclude>
    <ClInclude Include="Service.h">
      <Filter>헤더 파일</Filter>
    </ClInclude>
    <ClInclude Include="Session.h">
      <Filter>헤더 파일</Filter>
    </ClInclude>
    <ClInclude Include="SQL_Query_Sender.h">
      <Filter>헤더 파일</Filter>
    </ClInclude>
    <ClInclude Include="SQLHandler.h">
      <Filter>헤더 파일</Filter>
    </ClInclude>
    <ClInclude Include="SQLProcedure.h">
      <Filter>헤더 파일</Filter>
    </ClInclude>
    <ClInclude Include="stdafx.h">
      <Filter>헤더 파일</Filter>
    </ClInclude>
    <ClInclude Include="stdExtension.h">
      <Filter>헤더 파일</Filter>
    </ClInclude>
    <ClInclude Include="StringTools.h">
      <Filter>헤더 파일</Filter>
    </ClInclude>
    <ClInclude Include="ThreadJob.h">
      <Filter>헤더 파일</Filter>
    </ClInclude>
    <ClInclude Include="ThreadManager.h">
      <Filter>헤더 파일</Filter>
    </ClInclude>
  </ItemGroup>
  <ItemGroup>
    <ClCompile Include="AdoObjects.cpp">
      <Filter>소스 파일</Filter>
    </ClCompile>
    <ClCompile Include="ADOUtils.cpp">
      <Filter>소스 파일</Filter>
    </ClCompile>
    <ClCompile Include="AdvancedSTL.cpp">
      <Filter>소스 파일</Filter>
    </ClCompile>
    <ClCompile Include="Allocator.cpp">
      <Filter>소스 파일</Filter>
    </ClCompile>
    <ClCompile Include="CoreGlobal.cpp">
      <Filter>소스 파일</Filter>
    </ClCompile>
    <ClCompile Include="CoreMacro.cpp">
      <Filter>소스 파일</Filter>
    </ClCompile>
    <ClCompile Include="CoreTLS.cpp">
      <Filter>소스 파일</Filter>
    </ClCompile>
    <ClCompile Include="Cryptonizer.cpp">
      <Filter>소스 파일</Filter>
    </ClCompile>
    <ClCompile Include="CsvParser.cpp">
      <Filter>소스 파일</Filter>
    </ClCompile>
    <ClCompile Include="DataObjects.cpp">
      <Filter>소스 파일</Filter>
    </ClCompile>
    <ClCompile Include="DBConnector.cpp">
      <Filter>소스 파일</Filter>
    </ClCompile>
    <ClCompile Include="DBQueue.cpp">
      <Filter>소스 파일</Filter>
    </ClCompile>
    <ClCompile Include="DeadLockProfiler.cpp">
      <Filter>소스 파일</Filter>
    </ClCompile>
    <ClCompile Include="Instantiator.cpp">
      <Filter>소스 파일</Filter>
    </ClCompile>
    <ClCompile Include="JobQueue.cpp">
      <Filter>소스 파일</Filter>
    </ClCompile>
    <ClCompile Include="JsonParser.cpp">
      <Filter>소스 파일</Filter>
    </ClCompile>
    <ClCompile Include="LockContainer.cpp">
      <Filter>소스 파일</Filter>
    </ClCompile>
    <ClCompile Include="LockCsec.cpp">
      <Filter>소스 파일</Filter>
    </ClCompile>
    <ClCompile Include="MemoryPool.cpp">
      <Filter>소스 파일</Filter>
    </ClCompile>
    <ClCompile Include="NetBuffer.cpp">
      <Filter>소스 파일</Filter>
    </ClCompile>
    <ClCompile Include="ObjectPool.cpp">
      <Filter>소스 파일</Filter>
    </ClCompile>
    <ClCompile Include="PacketHeader.cpp">
      <Filter>소스 파일</Filter>
    </ClCompile>
    <ClCompile Include="RWLock.cpp">
      <Filter>소스 파일</Filter>
    </ClCompile>
    <ClCompile Include="Service.cpp">
      <Filter>소스 파일</Filter>
    </ClCompile>
    <ClCompile Include="Session.cpp">
      <Filter>소스 파일</Filter>
    </ClCompile>
    <ClCompile Include="SQL_Query_Sender.cpp">
      <Filter>소스 파일</Filter>
    </ClCompile>
    <ClCompile Include="SQLHandler.cpp">
      <Filter>소스 파일</Filter>
    </ClCompile>
    <ClCompile Include="SQLProcedure.cpp">
      <Filter>소스 파일</Filter>
    </ClCompile>
    <ClCompile Include="stdafx.cpp">
      <Filter>소스 파일</Filter>
    </ClCompile>
    <ClCompile Include="stdExtension.cpp">
      <Filter>소스 파일</Filter>
    </ClCompile>
    <ClCompile Include="StringTools.cpp">
      <Filter>소스 파일</Filter>
    </ClCompile>
    <ClCompile Include="ThreadJob.cpp">
      <Filter>소스 파일</Filter>
    </ClCompile>
    <ClCompile Include="ThreadManager.cpp">
      <Filter>소스 파일</Filter>
    </ClCompile>
    <ClCompile Include="ADODBCon.cpp">
      <Filter>소스 파일</Filter>
    </ClCompile>
  </ItemGroup>
</Project>